
Microsoft Visual Studio Solution File, Format Version 12.00
# Visual Studio Version 17
VisualStudioVersion = 17.9.34728.123
MinimumVisualStudioVersion = 10.0.40219.1
Project("{FAE04EC0-301F-11D3-BF4B-00C04F79EFBC}") = "LKSITSSOLUTION", "LKSITSSOLUTION\LKSITSSOLUTION.csproj", "{AB09AF06-8E78-450F-9D88-985D4F39606A}"
EndProject
Global
	GlobalSection(SolutionConfigurationPlatforms) = preSolution
		Debug|Any CPU = Debug|Any CPU
		Release|Any CPU = Release|Any CPU
	EndGlobalSection
	GlobalSection(ProjectConfigurationPlatforms) = postSolution
		{AB09AF06-8E78-450F-9D88-985D4F39606A}.Debug|Any CPU.ActiveCfg = Debug|Any CPU
		{AB09AF06-8E78-450F-9D88-985D4F39606A}.Debug|Any CPU.Build.0 = Debug|Any CPU
		{AB09AF06-8E78-450F-9D88-985D4F39606A}.Release|Any CPU.ActiveCfg = Release|Any CPU
		{AB09AF06-8E78-450F-9D88-985D4F39606A}.Release|Any CPU.Build.0 = Release|Any CPU
	EndGlobalSection
	GlobalSection(SolutionProperties) = preSolution
		HideSolutionNode = FALSE
	EndGlobalSection
	GlobalSection(ExtensibilityGlobals) = postSolution
		SolutionGuid = {957B8A69-FCA5-4B9F-9C75-05FA35B2A816}
	EndGlobalSection
EndGlobal
