
Microsoft Visual Studio Solution File, Format Version 12.00
# Visual Studio Version 17
VisualStudioVersion = 17.5.002.0
MinimumVisualStudioVersion = 10.0.40219.1
Project("{9A19103F-16F7-4668-BE54-9A1E7A4F7556}") = "LKSITSSOLUTION", "LKSITSSOLUTION.csproj", "{08D4C0C5-2BE4-4693-9ACA-24FD7FBC537F}"
EndProject
Global
	GlobalSection(SolutionConfigurationPlatforms) = preSolution
		Debug|Any CPU = Debug|Any CPU
		Release|Any CPU = Release|Any CPU
	EndGlobalSection
	GlobalSection(ProjectConfigurationPlatforms) = postSolution
		{08D4C0C5-2BE4-4693-9ACA-24FD7FBC537F}.Debug|Any CPU.ActiveCfg = Debug|Any CPU
		{08D4C0C5-2BE4-4693-9ACA-24FD7FBC537F}.Debug|Any CPU.Build.0 = Debug|Any CPU
		{08D4C0C5-2BE4-4693-9ACA-24FD7FBC537F}.Release|Any CPU.ActiveCfg = Release|Any CPU
		{08D4C0C5-2BE4-4693-9ACA-24FD7FBC537F}.Release|Any CPU.Build.0 = Release|Any CPU
	EndGlobalSection
	GlobalSection(SolutionProperties) = preSolution
		HideSolutionNode = FALSE
	EndGlobalSection
	GlobalSection(ExtensibilityGlobals) = postSolution
		SolutionGuid = {4A9C18CB-ABDD-42FD-B1C7-9BCA095B025C}
	EndGlobalSection
EndGlobal
